
Microsoft Visual Studio Solution File, Format Version 12.00
# Visual Studio Version 17
VisualStudioVersion = 17.6.33723.286
MinimumVisualStudioVersion = 10.0.40219.1
Project("{8BC9CEB8-8B4A-11D0-8D11-00A0C91BC942}") = "SQL_Pignat", "SQL_Pignat.vcxproj", "{EE9578AD-3EA3-488B-9764-81A7A7075EAE}"
EndProject
Global
	GlobalSection(SolutionConfigurationPlatforms) = preSolution
		Debug|x64 = Debug|x64
		Debug|x86 = Debug|x86
		Release|x64 = Release|x64
		Release|x86 = Release|x86
	EndGlobalSection
	GlobalSection(ProjectConfigurationPlatforms) = postSolution
		{EE9578AD-3EA3-488B-9764-81A7A7075EAE}.Debug|x64.ActiveCfg = Debug|x64
		{EE9578AD-3EA3-488B-9764-81A7A7075EAE}.Debug|x64.Build.0 = Debug|x64
		{EE9578AD-3EA3-488B-9764-81A7A7075EAE}.Debug|x86.ActiveCfg = Debug|Win32
		{EE9578AD-3EA3-488B-9764-81A7A7075EAE}.Debug|x86.Build.0 = Debug|Win32
		{EE9578AD-3EA3-488B-9764-81A7A7075EAE}.Release|x64.ActiveCfg = Release|x64
		{EE9578AD-3EA3-488B-9764-81A7A7075EAE}.Release|x64.Build.0 = Release|x64
		{EE9578AD-3EA3-488B-9764-81A7A7075EAE}.Release|x86.ActiveCfg = Release|Win32
		{EE9578AD-3EA3-488B-9764-81A7A7075EAE}.Release|x86.Build.0 = Release|Win32
	EndGlobalSection
	GlobalSection(SolutionProperties) = preSolution
		HideSolutionNode = FALSE
	EndGlobalSection
	GlobalSection(ExtensibilityGlobals) = postSolution
		SolutionGuid = {9BA987E8-1943-4AE6-8D67-D98F5ED8AC7D}
	EndGlobalSection
EndGlobal
